// !$*UTF8*$!
{
	archiveVersion = 1;
	classes = {
	};
	objectVersion = 46;
	objects = {

/* Begin PBXBuildFile section */
		182BA9ED505ADD9835EC8182 /* libPods-WeiBo.a in Frameworks */ = {isa = PBXBuildFile; fileRef = E821D66148FAA02AAB29F3E2 /* libPods-WeiBo.a */; };
		5F5A8D971EA4EFF900B55308 /* main.m in Sources */ = {isa = PBXBuildFile; fileRef = 5F5A8D961EA4EFF900B55308 /* main.m */; };
		5F5A8D9A1EA4EFF900B55308 /* AppDelegate.m in Sources */ = {isa = PBXBuildFile; fileRef = 5F5A8D991EA4EFF900B55308 /* AppDelegate.m */; };
		5F5A8D9D1EA4EFF900B55308 /* ViewController.m in Sources */ = {isa = PBXBuildFile; fileRef = 5F5A8D9C1EA4EFF900B55308 /* ViewController.m */; };
		5F5A8DA01EA4EFF900B55308 /* Main.storyboard in Resources */ = {isa = PBXBuildFile; fileRef = 5F5A8D9E1EA4EFF900B55308 /* Main.storyboard */; };
		5F5A8DA21EA4EFF900B55308 /* Assets.xcassets in Resources */ = {isa = PBXBuildFile; fileRef = 5F5A8DA11EA4EFF900B55308 /* Assets.xcassets */; };
		5F5A8DA51EA4EFF900B55308 /* LaunchScreen.storyboard in Resources */ = {isa = PBXBuildFile; fileRef = 5F5A8DA31EA4EFF900B55308 /* LaunchScreen.storyboard */; };
		5F5A8DB01EA4EFF900B55308 /* WeiBoTests.m in Sources */ = {isa = PBXBuildFile; fileRef = 5F5A8DAF1EA4EFF900B55308 /* WeiBoTests.m */; };
		5F5A8DBB1EA4EFF900B55308 /* WeiBoUITests.m in Sources */ = {isa = PBXBuildFile; fileRef = 5F5A8DBA1EA4EFF900B55308 /* WeiBoUITests.m */; };
		5F5A8E701EA4F26600B55308 /* ReferenceProxy in Frameworks */ = {isa = PBXBuildFile; fileRef = 5F5A8E0A1EA4F18B00B55308 /* libRCTWebSocket.a */; };
		5F5A8E711EA4F26E00B55308 /* ReferenceProxy in Frameworks */ = {isa = PBXBuildFile; fileRef = 5F5A8E121EA4F19900B55308 /* libRCTVibration.a */; };
		5F5A8E721EA4F27400B55308 /* ReferenceProxy in Frameworks */ = {isa = PBXBuildFile; fileRef = 5F5A8E191EA4F1BD00B55308 /* libRCTText.a */; };
		5F5A8E731EA4F27900B55308 /* ReferenceProxy in Frameworks */ = {isa = PBXBuildFile; fileRef = 5F5A8E221EA4F1C400B55308 /* libRCTSettings.a */; };
		5F5A8E741EA4F28000B55308 /* ReferenceProxy in Frameworks */ = {isa = PBXBuildFile; fileRef = 5F5A8E2B1EA4F1CD00B55308 /* libRCTNetwork.a */; };
		5F5A8E751EA4F28500B55308 /* ReferenceProxy in Frameworks */ = {isa = PBXBuildFile; fileRef = 5F5A8E341EA4F1D500B55308 /* libRCTLinking.a */; };
		5F5A8E761EA4F28A00B55308 /* ReferenceProxy in Frameworks */ = {isa = PBXBuildFile; fileRef = 5F5A8E3D1EA4F1DB00B55308 /* libRCTImage.a */; };
		5F5A8E771EA4F29000B55308 /* ReferenceProxy in Frameworks */ = {isa = PBXBuildFile; fileRef = 5F5A8E451EA4F1E300B55308 /* libRCTGeolocation.a */; };
		5F5A8E781EA4F29600B55308 /* ReferenceProxy in Frameworks */ = {isa = PBXBuildFile; fileRef = 5F5A8E4B1EA4F1ED00B55308 /* libRCTActionSheet.a */; };
		5F5A8E791EA4F29B00B55308 /* ReferenceProxy in Frameworks */ = {isa = PBXBuildFile; fileRef = 5F5A8E6D1EA4F21D00B55308 /* libRCTAnimation.a */; };
		5F5A8E7A1EA4F2A200B55308 /* ReferenceProxy in Frameworks */ = {isa = PBXBuildFile; fileRef = 5F5A8E581EA4F20700B55308 /* libReact.a */; };
		5F5A8E7D1EA4F2AA00B55308 /* JavaScriptCore.framework in Frameworks */ = {isa = PBXBuildFile; fileRef = 5F5A8E7C1EA4F2AA00B55308 /* JavaScriptCore.framework */; };
/* End PBXBuildFile section */

/* Begin PBXContainerItemProxy section */
		5F5A8DAC1EA4EFF900B55308 /* PBXContainerItemProxy */ = {
			isa = PBXContainerItemProxy;
			containerPortal = 5F5A8D8A1EA4EFF900B55308 /* Project object */;
			proxyType = 1;
			remoteGlobalIDString = 5F5A8D911EA4EFF900B55308;
			remoteInfo = WeiBo;
		};
		5F5A8DB71EA4EFF900B55308 /* PBXContainerItemProxy */ = {
			isa = PBXContainerItemProxy;
			containerPortal = 5F5A8D8A1EA4EFF900B55308 /* Project object */;
			proxyType = 1;
			remoteGlobalIDString = 5F5A8D911EA4EFF900B55308;
			remoteInfo = WeiBo;
		};
		5F5A8E091EA4F18B00B55308 /* PBXContainerItemProxy */ = {
			isa = PBXContainerItemProxy;
			containerPortal = 5F5A8E041EA4F18B00B55308 /* RCTWebSocket.xcodeproj */;
			proxyType = 2;
			remoteGlobalIDString = 3C86DF461ADF2C930047B81A;
			remoteInfo = RCTWebSocket;
		};
		5F5A8E0B1EA4F18B00B55308 /* PBXContainerItemProxy */ = {
			isa = PBXContainerItemProxy;
			containerPortal = 5F5A8E041EA4F18B00B55308 /* RCTWebSocket.xcodeproj */;
			proxyType = 2;
			remoteGlobalIDString = 2D2A28881D9B049200D4039D;
			remoteInfo = "RCTWebSocket-tvOS";
		};
		5F5A8E111EA4F19900B55308 /* PBXContainerItemProxy */ = {
			isa = PBXContainerItemProxy;
			containerPortal = 5F5A8E0D1EA4F19900B55308 /* RCTVibration.xcodeproj */;
			proxyType = 2;
			remoteGlobalIDString = 832C81801AAF6DEF007FA2F7;
			remoteInfo = RCTVibration;
		};
		5F5A8E181EA4F1BD00B55308 /* PBXContainerItemProxy */ = {
			isa = PBXContainerItemProxy;
			containerPortal = 5F5A8E131EA4F1BD00B55308 /* RCTText.xcodeproj */;
			proxyType = 2;
			remoteGlobalIDString = 58B5119B1A9E6C1200147676;
			remoteInfo = RCTText;
		};
		5F5A8E1A1EA4F1BD00B55308 /* PBXContainerItemProxy */ = {
			isa = PBXContainerItemProxy;
			containerPortal = 5F5A8E131EA4F1BD00B55308 /* RCTText.xcodeproj */;
			proxyType = 2;
			remoteGlobalIDString = 2D2A287B1D9B048500D4039D;
			remoteInfo = "RCTText-tvOS";
		};
		5F5A8E211EA4F1C400B55308 /* PBXContainerItemProxy */ = {
			isa = PBXContainerItemProxy;
			containerPortal = 5F5A8E1C1EA4F1C400B55308 /* RCTSettings.xcodeproj */;
			proxyType = 2;
			remoteGlobalIDString = 134814201AA4EA6300B7C361;
			remoteInfo = RCTSettings;
		};
		5F5A8E231EA4F1C400B55308 /* PBXContainerItemProxy */ = {
			isa = PBXContainerItemProxy;
			containerPortal = 5F5A8E1C1EA4F1C400B55308 /* RCTSettings.xcodeproj */;
			proxyType = 2;
			remoteGlobalIDString = 2D2A28611D9B046600D4039D;
			remoteInfo = "RCTSettings-tvOS";
		};
		5F5A8E2A1EA4F1CD00B55308 /* PBXContainerItemProxy */ = {
			isa = PBXContainerItemProxy;
			containerPortal = 5F5A8E251EA4F1CD00B55308 /* RCTNetwork.xcodeproj */;
			proxyType = 2;
			remoteGlobalIDString = 58B511DB1A9E6C8500147676;
			remoteInfo = RCTNetwork;
		};
		5F5A8E2C1EA4F1CD00B55308 /* PBXContainerItemProxy */ = {
			isa = PBXContainerItemProxy;
			containerPortal = 5F5A8E251EA4F1CD00B55308 /* RCTNetwork.xcodeproj */;
			proxyType = 2;
			remoteGlobalIDString = 2D2A28541D9B044C00D4039D;
			remoteInfo = "RCTNetwork-tvOS";
		};
		5F5A8E331EA4F1D500B55308 /* PBXContainerItemProxy */ = {
			isa = PBXContainerItemProxy;
			containerPortal = 5F5A8E2E1EA4F1D500B55308 /* RCTLinking.xcodeproj */;
			proxyType = 2;
			remoteGlobalIDString = 134814201AA4EA6300B7C361;
			remoteInfo = RCTLinking;
		};
		5F5A8E351EA4F1D500B55308 /* PBXContainerItemProxy */ = {
			isa = PBXContainerItemProxy;
			containerPortal = 5F5A8E2E1EA4F1D500B55308 /* RCTLinking.xcodeproj */;
			proxyType = 2;
			remoteGlobalIDString = 2D2A28471D9B043800D4039D;
			remoteInfo = "RCTLinking-tvOS";
		};
		5F5A8E3C1EA4F1DB00B55308 /* PBXContainerItemProxy */ = {
			isa = PBXContainerItemProxy;
			containerPortal = 5F5A8E371EA4F1DB00B55308 /* RCTImage.xcodeproj */;
			proxyType = 2;
			remoteGlobalIDString = 58B5115D1A9E6B3D00147676;
			remoteInfo = RCTImage;
		};
		5F5A8E3E1EA4F1DB00B55308 /* PBXContainerItemProxy */ = {
			isa = PBXContainerItemProxy;
			containerPortal = 5F5A8E371EA4F1DB00B55308 /* RCTImage.xcodeproj */;
			proxyType = 2;
			remoteGlobalIDString = 2D2A283A1D9B042B00D4039D;
			remoteInfo = "RCTImage-tvOS";
		};
		5F5A8E441EA4F1E300B55308 /* PBXContainerItemProxy */ = {
			isa = PBXContainerItemProxy;
			containerPortal = 5F5A8E401EA4F1E300B55308 /* RCTGeolocation.xcodeproj */;
			proxyType = 2;
			remoteGlobalIDString = 134814201AA4EA6300B7C361;
			remoteInfo = RCTGeolocation;
		};
		5F5A8E4A1EA4F1ED00B55308 /* PBXContainerItemProxy */ = {
			isa = PBXContainerItemProxy;
			containerPortal = 5F5A8E461EA4F1EC00B55308 /* RCTActionSheet.xcodeproj */;
			proxyType = 2;
			remoteGlobalIDString = 134814201AA4EA6300B7C361;
			remoteInfo = RCTActionSheet;
		};
		5F5A8E571EA4F20700B55308 /* PBXContainerItemProxy */ = {
			isa = PBXContainerItemProxy;
			containerPortal = 5F5A8E4C1EA4F20700B55308 /* React.xcodeproj */;
			proxyType = 2;
			remoteGlobalIDString = 83CBBA2E1A601D0E00E9B192;
			remoteInfo = React;
		};
		5F5A8E591EA4F20700B55308 /* PBXContainerItemProxy */ = {
			isa = PBXContainerItemProxy;
			containerPortal = 5F5A8E4C1EA4F20700B55308 /* React.xcodeproj */;
			proxyType = 2;
			remoteGlobalIDString = 2D2A28131D9B038B00D4039D;
			remoteInfo = "React-tvOS";
		};
		5F5A8E5B1EA4F20700B55308 /* PBXContainerItemProxy */ = {
			isa = PBXContainerItemProxy;
			containerPortal = 5F5A8E4C1EA4F20700B55308 /* React.xcodeproj */;
			proxyType = 2;
			remoteGlobalIDString = 3D3C059A1DE3340900C268FA;
			remoteInfo = yoga;
		};
		5F5A8E5D1EA4F20700B55308 /* PBXContainerItemProxy */ = {
			isa = PBXContainerItemProxy;
			containerPortal = 5F5A8E4C1EA4F20700B55308 /* React.xcodeproj */;
			proxyType = 2;
			remoteGlobalIDString = 3D3C06751DE3340C00C268FA;
			remoteInfo = "yoga-tvOS";
		};
		5F5A8E5F1EA4F20700B55308 /* PBXContainerItemProxy */ = {
			isa = PBXContainerItemProxy;
			containerPortal = 5F5A8E4C1EA4F20700B55308 /* React.xcodeproj */;
			proxyType = 2;
			remoteGlobalIDString = 3D3CD9251DE5FBEC00167DC4;
			remoteInfo = cxxreact;
		};
		5F5A8E611EA4F20700B55308 /* PBXContainerItemProxy */ = {
			isa = PBXContainerItemProxy;
			containerPortal = 5F5A8E4C1EA4F20700B55308 /* React.xcodeproj */;
			proxyType = 2;
			remoteGlobalIDString = 3D3CD9321DE5FBEE00167DC4;
			remoteInfo = "cxxreact-tvOS";
		};
		5F5A8E631EA4F20700B55308 /* PBXContainerItemProxy */ = {
			isa = PBXContainerItemProxy;
			containerPortal = 5F5A8E4C1EA4F20700B55308 /* React.xcodeproj */;
			proxyType = 2;
			remoteGlobalIDString = 3D3CD90B1DE5FBD600167DC4;
			remoteInfo = jschelpers;
		};
		5F5A8E651EA4F20700B55308 /* PBXContainerItemProxy */ = {
			isa = PBXContainerItemProxy;
			containerPortal = 5F5A8E4C1EA4F20700B55308 /* React.xcodeproj */;
			proxyType = 2;
			remoteGlobalIDString = 3D3CD9181DE5FBD800167DC4;
			remoteInfo = "jschelpers-tvOS";
		};
		5F5A8E6C1EA4F21D00B55308 /* PBXContainerItemProxy */ = {
			isa = PBXContainerItemProxy;
			containerPortal = 5F5A8E671EA4F21D00B55308 /* RCTAnimation.xcodeproj */;
			proxyType = 2;
			remoteGlobalIDString = 134814201AA4EA6300B7C361;
			remoteInfo = RCTAnimation;
		};
		5F5A8E6E1EA4F21D00B55308 /* PBXContainerItemProxy */ = {
			isa = PBXContainerItemProxy;
			containerPortal = 5F5A8E671EA4F21D00B55308 /* RCTAnimation.xcodeproj */;
			proxyType = 2;
			remoteGlobalIDString = 2D2A28201D9B03D100D4039D;
			remoteInfo = "RCTAnimation-tvOS";
		};
/* End PBXContainerItemProxy section */

/* Begin PBXFileReference section */
		1C51A80075B6B5C2ACC9A506 /* Pods-WeiBo.release.xcconfig */ = {isa = PBXFileReference; includeInIndex = 1; lastKnownFileType = text.xcconfig; name = "Pods-WeiBo.release.xcconfig"; path = "Pods/Target Support Files/Pods-WeiBo/Pods-WeiBo.release.xcconfig"; sourceTree = "<group>"; };
		5F5A8D921EA4EFF900B55308 /* WeiBo.app */ = {isa = PBXFileReference; explicitFileType = wrapper.application; includeInIndex = 0; path = WeiBo.app; sourceTree = BUILT_PRODUCTS_DIR; };
		5F5A8D961EA4EFF900B55308 /* main.m */ = {isa = PBXFileReference; lastKnownFileType = sourcecode.c.objc; path = main.m; sourceTree = "<group>"; };
		5F5A8D981EA4EFF900B55308 /* AppDelegate.h */ = {isa = PBXFileReference; lastKnownFileType = sourcecode.c.h; path = AppDelegate.h; sourceTree = "<group>"; };
		5F5A8D991EA4EFF900B55308 /* AppDelegate.m */ = {isa = PBXFileReference; lastKnownFileType = sourcecode.c.objc; path = AppDelegate.m; sourceTree = "<group>"; };
		5F5A8D9B1EA4EFF900B55308 /* ViewController.h */ = {isa = PBXFileReference; lastKnownFileType = sourcecode.c.h; path = ViewController.h; sourceTree = "<group>"; };
		5F5A8D9C1EA4EFF900B55308 /* ViewController.m */ = {isa = PBXFileReference; lastKnownFileType = sourcecode.c.objc; path = ViewController.m; sourceTree = "<group>"; };
		5F5A8D9F1EA4EFF900B55308 /* Base */ = {isa = PBXFileReference; lastKnownFileType = file.storyboard; name = Base; path = Base.lproj/Main.storyboard; sourceTree = "<group>"; };
		5F5A8DA11EA4EFF900B55308 /* Assets.xcassets */ = {isa = PBXFileReference; lastKnownFileType = folder.assetcatalog; path = Assets.xcassets; sourceTree = "<group>"; };
		5F5A8DA41EA4EFF900B55308 /* Base */ = {isa = PBXFileReference; lastKnownFileType = file.storyboard; name = Base; path = Base.lproj/LaunchScreen.storyboard; sourceTree = "<group>"; };
		5F5A8DA61EA4EFF900B55308 /* Info.plist */ = {isa = PBXFileReference; lastKnownFileType = text.plist.xml; path = Info.plist; sourceTree = "<group>"; };
		5F5A8DAB1EA4EFF900B55308 /* WeiBoTests.xctest */ = {isa = PBXFileReference; explicitFileType = wrapper.cfbundle; includeInIndex = 0; path = WeiBoTests.xctest; sourceTree = BUILT_PRODUCTS_DIR; };
		5F5A8DAF1EA4EFF900B55308 /* WeiBoTests.m */ = {isa = PBXFileReference; lastKnownFileType = sourcecode.c.objc; path = WeiBoTests.m; sourceTree = "<group>"; };
		5F5A8DB11EA4EFF900B55308 /* Info.plist */ = {isa = PBXFileReference; lastKnownFileType = text.plist.xml; path = Info.plist; sourceTree = "<group>"; };
		5F5A8DB61EA4EFF900B55308 /* WeiBoUITests.xctest */ = {isa = PBXFileReference; explicitFileType = wrapper.cfbundle; includeInIndex = 0; path = WeiBoUITests.xctest; sourceTree = BUILT_PRODUCTS_DIR; };
		5F5A8DBA1EA4EFF900B55308 /* WeiBoUITests.m */ = {isa = PBXFileReference; lastKnownFileType = sourcecode.c.objc; path = WeiBoUITests.m; sourceTree = "<group>"; };
		5F5A8DBC1EA4EFF900B55308 /* Info.plist */ = {isa = PBXFileReference; lastKnownFileType = text.plist.xml; path = Info.plist; sourceTree = "<group>"; };
		5F5A8E041EA4F18B00B55308 /* RCTWebSocket.xcodeproj */ = {isa = PBXFileReference; lastKnownFileType = "wrapper.pb-project"; name = RCTWebSocket.xcodeproj; path = "node_modules/react-native/Libraries/WebSocket/RCTWebSocket.xcodeproj"; sourceTree = SOURCE_ROOT; };
		5F5A8E0D1EA4F19900B55308 /* RCTVibration.xcodeproj */ = {isa = PBXFileReference; lastKnownFileType = "wrapper.pb-project"; name = RCTVibration.xcodeproj; path = "node_modules/react-native/Libraries/Vibration/RCTVibration.xcodeproj"; sourceTree = SOURCE_ROOT; };
		5F5A8E131EA4F1BD00B55308 /* RCTText.xcodeproj */ = {isa = PBXFileReference; lastKnownFileType = "wrapper.pb-project"; name = RCTText.xcodeproj; path = "node_modules/react-native/Libraries/Text/RCTText.xcodeproj"; sourceTree = SOURCE_ROOT; };
		5F5A8E1C1EA4F1C400B55308 /* RCTSettings.xcodeproj */ = {isa = PBXFileReference; lastKnownFileType = "wrapper.pb-project"; name = RCTSettings.xcodeproj; path = "node_modules/react-native/Libraries/Settings/RCTSettings.xcodeproj"; sourceTree = SOURCE_ROOT; };
		5F5A8E251EA4F1CD00B55308 /* RCTNetwork.xcodeproj */ = {isa = PBXFileReference; lastKnownFileType = "wrapper.pb-project"; name = RCTNetwork.xcodeproj; path = "node_modules/react-native/Libraries/Network/RCTNetwork.xcodeproj"; sourceTree = SOURCE_ROOT; };
		5F5A8E2E1EA4F1D500B55308 /* RCTLinking.xcodeproj */ = {isa = PBXFileReference; lastKnownFileType = "wrapper.pb-project"; name = RCTLinking.xcodeproj; path = "node_modules/react-native/Libraries/LinkingIOS/RCTLinking.xcodeproj"; sourceTree = SOURCE_ROOT; };
		5F5A8E371EA4F1DB00B55308 /* RCTImage.xcodeproj */ = {isa = PBXFileReference; lastKnownFileType = "wrapper.pb-project"; name = RCTImage.xcodeproj; path = "node_modules/react-native/Libraries/Image/RCTImage.xcodeproj"; sourceTree = SOURCE_ROOT; };
		5F5A8E401EA4F1E300B55308 /* RCTGeolocation.xcodeproj */ = {isa = PBXFileReference; lastKnownFileType = "wrapper.pb-project"; name = RCTGeolocation.xcodeproj; path = "node_modules/react-native/Libraries/Geolocation/RCTGeolocation.xcodeproj"; sourceTree = SOURCE_ROOT; };
		5F5A8E461EA4F1EC00B55308 /* RCTActionSheet.xcodeproj */ = {isa = PBXFileReference; lastKnownFileType = "wrapper.pb-project"; name = RCTActionSheet.xcodeproj; path = "node_modules/react-native/Libraries/ActionSheetIOS/RCTActionSheet.xcodeproj"; sourceTree = SOURCE_ROOT; };
		5F5A8E4C1EA4F20700B55308 /* React.xcodeproj */ = {isa = PBXFileReference; lastKnownFileType = "wrapper.pb-project"; name = React.xcodeproj; path = "node_modules/react-native/React/React.xcodeproj"; sourceTree = SOURCE_ROOT; };
		5F5A8E671EA4F21D00B55308 /* RCTAnimation.xcodeproj */ = {isa = PBXFileReference; lastKnownFileType = "wrapper.pb-project"; name = RCTAnimation.xcodeproj; path = "node_modules/react-native/Libraries/NativeAnimation/RCTAnimation.xcodeproj"; sourceTree = SOURCE_ROOT; };
		5F5A8E7C1EA4F2AA00B55308 /* JavaScriptCore.framework */ = {isa = PBXFileReference; lastKnownFileType = wrapper.framework; name = JavaScriptCore.framework; path = System/Library/Frameworks/JavaScriptCore.framework; sourceTree = SDKROOT; };
		AAF2515FF4468F9ABB65B023 /* Pods-WeiBo.debug.xcconfig */ = {isa = PBXFileReference; includeInIndex = 1; lastKnownFileType = text.xcconfig; name = "Pods-WeiBo.debug.xcconfig"; path = "Pods/Target Support Files/Pods-WeiBo/Pods-WeiBo.debug.xcconfig"; sourceTree = "<group>"; };
		E821D66148FAA02AAB29F3E2 /* libPods-WeiBo.a */ = {isa = PBXFileReference; explicitFileType = archive.ar; includeInIndex = 0; path = "libPods-WeiBo.a"; sourceTree = BUILT_PRODUCTS_DIR; };
/* End PBXFileReference section */

/* Begin PBXFrameworksBuildPhase section */
		5F5A8D8F1EA4EFF900B55308 /* Frameworks */ = {
			isa = PBXFrameworksBuildPhase;
			buildActionMask = 2147483647;
			files = (
				5F5A8E7D1EA4F2AA00B55308 /* JavaScriptCore.framework in Frameworks */,
				5F5A8E7A1EA4F2A200B55308 /* ReferenceProxy in Frameworks */,
				5F5A8E791EA4F29B00B55308 /* ReferenceProxy in Frameworks */,
				5F5A8E781EA4F29600B55308 /* ReferenceProxy in Frameworks */,
				5F5A8E771EA4F29000B55308 /* ReferenceProxy in Frameworks */,
				5F5A8E761EA4F28A00B55308 /* ReferenceProxy in Frameworks */,
				5F5A8E751EA4F28500B55308 /* ReferenceProxy in Frameworks */,
				5F5A8E741EA4F28000B55308 /* ReferenceProxy in Frameworks */,
				5F5A8E731EA4F27900B55308 /* ReferenceProxy in Frameworks */,
				5F5A8E721EA4F27400B55308 /* ReferenceProxy in Frameworks */,
				5F5A8E711EA4F26E00B55308 /* ReferenceProxy in Frameworks */,
				5F5A8E701EA4F26600B55308 /* ReferenceProxy in Frameworks */,
				182BA9ED505ADD9835EC8182 /* libPods-WeiBo.a in Frameworks */,
			);
			runOnlyForDeploymentPostprocessing = 0;
		};
		5F5A8DA81EA4EFF900B55308 /* Frameworks */ = {
			isa = PBXFrameworksBuildPhase;
			buildActionMask = 2147483647;
			files = (
			);
			runOnlyForDeploymentPostprocessing = 0;
		};
		5F5A8DB31EA4EFF900B55308 /* Frameworks */ = {
			isa = PBXFrameworksBuildPhase;
			buildActionMask = 2147483647;
			files = (
			);
			runOnlyForDeploymentPostprocessing = 0;
		};
/* End PBXFrameworksBuildPhase section */

/* Begin PBXGroup section */
		5F5A8D891EA4EFF900B55308 = {
			isa = PBXGroup;
			children = (
				5F5A8D941EA4EFF900B55308 /* WeiBo */,
				5F5A8DAE1EA4EFF900B55308 /* WeiBoTests */,
				5F5A8DB91EA4EFF900B55308 /* WeiBoUITests */,
				5F5A8D931EA4EFF900B55308 /* Products */,
				5F5A8E7B1EA4F2AA00B55308 /* Frameworks */,
				77DC1AD90BAA42285FAF6DD3 /* Pods */,
			);
			sourceTree = "<group>";
		};
		5F5A8D931EA4EFF900B55308 /* Products */ = {
			isa = PBXGroup;
			children = (
				5F5A8D921EA4EFF900B55308 /* WeiBo.app */,
				5F5A8DAB1EA4EFF900B55308 /* WeiBoTests.xctest */,
				5F5A8DB61EA4EFF900B55308 /* WeiBoUITests.xctest */,
			);
			name = Products;
			sourceTree = "<group>";
		};
		5F5A8D941EA4EFF900B55308 /* WeiBo */ = {
			isa = PBXGroup;
			children = (
				5F5A8D981EA4EFF900B55308 /* AppDelegate.h */,
				5F5A8D991EA4EFF900B55308 /* AppDelegate.m */,
				5F5A8D9B1EA4EFF900B55308 /* ViewController.h */,
				5F5A8D9C1EA4EFF900B55308 /* ViewController.m */,
				5F5A8DDE1EA4F0FA00B55308 /* Libraries */,
				5F5A8D9E1EA4EFF900B55308 /* Main.storyboard */,
				5F5A8DA11EA4EFF900B55308 /* Assets.xcassets */,
				5F5A8DA31EA4EFF900B55308 /* LaunchScreen.storyboard */,
				5F5A8DA61EA4EFF900B55308 /* Info.plist */,
				5F5A8D951EA4EFF900B55308 /* Supporting Files */,
			);
			path = WeiBo;
			sourceTree = "<group>";
		};
		5F5A8D951EA4EFF900B55308 /* Supporting Files */ = {
			isa = PBXGroup;
			children = (
				5F5A8D961EA4EFF900B55308 /* main.m */,
			);
			name = "Supporting Files";
			sourceTree = "<group>";
		};
		5F5A8DAE1EA4EFF900B55308 /* WeiBoTests */ = {
			isa = PBXGroup;
			children = (
				5F5A8DAF1EA4EFF900B55308 /* WeiBoTests.m */,
				5F5A8DB11EA4EFF900B55308 /* Info.plist */,
			);
			path = WeiBoTests;
			sourceTree = "<group>";
		};
		5F5A8DB91EA4EFF900B55308 /* WeiBoUITests */ = {
			isa = PBXGroup;
			children = (
				5F5A8DBA1EA4EFF900B55308 /* WeiBoUITests.m */,
				5F5A8DBC1EA4EFF900B55308 /* Info.plist */,
			);
			path = WeiBoUITests;
			sourceTree = "<group>";
		};
		5F5A8DDE1EA4F0FA00B55308 /* Libraries */ = {
			isa = PBXGroup;
			children = (
				5F5A8E671EA4F21D00B55308 /* RCTAnimation.xcodeproj */,
				5F5A8E4C1EA4F20700B55308 /* React.xcodeproj */,
				5F5A8E461EA4F1EC00B55308 /* RCTActionSheet.xcodeproj */,
				5F5A8E401EA4F1E300B55308 /* RCTGeolocation.xcodeproj */,
				5F5A8E371EA4F1DB00B55308 /* RCTImage.xcodeproj */,
				5F5A8E2E1EA4F1D500B55308 /* RCTLinking.xcodeproj */,
				5F5A8E251EA4F1CD00B55308 /* RCTNetwork.xcodeproj */,
				5F5A8E1C1EA4F1C400B55308 /* RCTSettings.xcodeproj */,
				5F5A8E131EA4F1BD00B55308 /* RCTText.xcodeproj */,
				5F5A8E0D1EA4F19900B55308 /* RCTVibration.xcodeproj */,
				5F5A8E041EA4F18B00B55308 /* RCTWebSocket.xcodeproj */,
			);
			name = Libraries;
			sourceTree = "<group>";
		};
		5F5A8E051EA4F18B00B55308 /* Products */ = {
			isa = PBXGroup;
			children = (
				5F5A8E0A1EA4F18B00B55308 /* libRCTWebSocket.a */,
				5F5A8E0C1EA4F18B00B55308 /* libRCTWebSocket-tvOS.a */,
			);
			name = Products;
			sourceTree = "<group>";
		};
		5F5A8E0E1EA4F19900B55308 /* Products */ = {
			isa = PBXGroup;
			children = (
				5F5A8E121EA4F19900B55308 /* libRCTVibration.a */,
			);
			name = Products;
			sourceTree = "<group>";
		};
		5F5A8E141EA4F1BD00B55308 /* Products */ = {
			isa = PBXGroup;
			children = (
				5F5A8E191EA4F1BD00B55308 /* libRCTText.a */,
				5F5A8E1B1EA4F1BD00B55308 /* libRCTText-tvOS.a */,
			);
			name = Products;
			sourceTree = "<group>";
		};
		5F5A8E1D1EA4F1C400B55308 /* Products */ = {
			isa = PBXGroup;
			children = (
				5F5A8E221EA4F1C400B55308 /* libRCTSettings.a */,
				5F5A8E241EA4F1C400B55308 /* libRCTSettings-tvOS.a */,
			);
			name = Products;
			sourceTree = "<group>";
		};
		5F5A8E261EA4F1CD00B55308 /* Products */ = {
			isa = PBXGroup;
			children = (
				5F5A8E2B1EA4F1CD00B55308 /* libRCTNetwork.a */,
				5F5A8E2D1EA4F1CD00B55308 /* libRCTNetwork-tvOS.a */,
			);
			name = Products;
			sourceTree = "<group>";
		};
		5F5A8E2F1EA4F1D500B55308 /* Products */ = {
			isa = PBXGroup;
			children = (
				5F5A8E341EA4F1D500B55308 /* libRCTLinking.a */,
				5F5A8E361EA4F1D500B55308 /* libRCTLinking-tvOS.a */,
			);
			name = Products;
			sourceTree = "<group>";
		};
		5F5A8E381EA4F1DB00B55308 /* Products */ = {
			isa = PBXGroup;
			children = (
				5F5A8E3D1EA4F1DB00B55308 /* libRCTImage.a */,
				5F5A8E3F1EA4F1DB00B55308 /* libRCTImage-tvOS.a */,
			);
			name = Products;
			sourceTree = "<group>";
		};
		5F5A8E411EA4F1E300B55308 /* Products */ = {
			isa = PBXGroup;
			children = (
				5F5A8E451EA4F1E300B55308 /* libRCTGeolocation.a */,
			);
			name = Products;
			sourceTree = "<group>";
		};
		5F5A8E471EA4F1EC00B55308 /* Products */ = {
			isa = PBXGroup;
			children = (
				5F5A8E4B1EA4F1ED00B55308 /* libRCTActionSheet.a */,
			);
			name = Products;
			sourceTree = "<group>";
		};
		5F5A8E4D1EA4F20700B55308 /* Products */ = {
			isa = PBXGroup;
			children = (
				5F5A8E581EA4F20700B55308 /* libReact.a */,
				5F5A8E5A1EA4F20700B55308 /* libReact.a */,
				5F5A8E5C1EA4F20700B55308 /* libyoga.a */,
				5F5A8E5E1EA4F20700B55308 /* libyoga.a */,
				5F5A8E601EA4F20700B55308 /* libcxxreact.a */,
				5F5A8E621EA4F20700B55308 /* libcxxreact.a */,
				5F5A8E641EA4F20700B55308 /* libjschelpers.a */,
				5F5A8E661EA4F20700B55308 /* libjschelpers.a */,
			);
			name = Products;
			sourceTree = "<group>";
		};
		5F5A8E681EA4F21D00B55308 /* Products */ = {
			isa = PBXGroup;
			children = (
				5F5A8E6D1EA4F21D00B55308 /* libRCTAnimation.a */,
				5F5A8E6F1EA4F21D00B55308 /* libRCTAnimation-tvOS.a */,
			);
			name = Products;
			sourceTree = "<group>";
		};
		5F5A8E7B1EA4F2AA00B55308 /* Frameworks */ = {
			isa = PBXGroup;
			children = (
				5F5A8E7C1EA4F2AA00B55308 /* JavaScriptCore.framework */,
				E821D66148FAA02AAB29F3E2 /* libPods-WeiBo.a */,
			);
			name = Frameworks;
			sourceTree = "<group>";
		};
		77DC1AD90BAA42285FAF6DD3 /* Pods */ = {
			isa = PBXGroup;
			children = (
				AAF2515FF4468F9ABB65B023 /* Pods-WeiBo.debug.xcconfig */,
				1C51A80075B6B5C2ACC9A506 /* Pods-WeiBo.release.xcconfig */,
			);
			name = Pods;
			sourceTree = "<group>";
		};
/* End PBXGroup section */

/* Begin PBXNativeTarget section */
		5F5A8D911EA4EFF900B55308 /* WeiBo */ = {
			isa = PBXNativeTarget;
			buildConfigurationList = 5F5A8DBF1EA4EFF900B55308 /* Build configuration list for PBXNativeTarget "WeiBo" */;
			buildPhases = (
				5C7460D583A32860B8C08996 /* [CP] Check Pods Manifest.lock */,
				5F5A8D8E1EA4EFF900B55308 /* Sources */,
				5F5A8D8F1EA4EFF900B55308 /* Frameworks */,
				5F5A8D901EA4EFF900B55308 /* Resources */,
				C0755D5B87324D04632FDFE6 /* [CP] Embed Pods Frameworks */,
				A08F1E7EC1BD22E73CC7FC27 /* [CP] Copy Pods Resources */,
			);
			buildRules = (
			);
			dependencies = (
			);
			name = WeiBo;
			productName = WeiBo;
			productReference = 5F5A8D921EA4EFF900B55308 /* WeiBo.app */;
			productType = "com.apple.product-type.application";
		};
		5F5A8DAA1EA4EFF900B55308 /* WeiBoTests */ = {
			isa = PBXNativeTarget;
			buildConfigurationList = 5F5A8DC21EA4EFF900B55308 /* Build configuration list for PBXNativeTarget "WeiBoTests" */;
			buildPhases = (
				5F5A8DA71EA4EFF900B55308 /* Sources */,
				5F5A8DA81EA4EFF900B55308 /* Frameworks */,
				5F5A8DA91EA4EFF900B55308 /* Resources */,
			);
			buildRules = (
			);
			dependencies = (
				5F5A8DAD1EA4EFF900B55308 /* PBXTargetDependency */,
			);
			name = WeiBoTests;
			productName = WeiBoTests;
			productReference = 5F5A8DAB1EA4EFF900B55308 /* WeiBoTests.xctest */;
			productType = "com.apple.product-type.bundle.unit-test";
		};
		5F5A8DB51EA4EFF900B55308 /* WeiBoUITests */ = {
			isa = PBXNativeTarget;
			buildConfigurationList = 5F5A8DC51EA4EFF900B55308 /* Build configuration list for PBXNativeTarget "WeiBoUITests" */;
			buildPhases = (
				5F5A8DB21EA4EFF900B55308 /* Sources */,
				5F5A8DB31EA4EFF900B55308 /* Frameworks */,
				5F5A8DB41EA4EFF900B55308 /* Resources */,
			);
			buildRules = (
			);
			dependencies = (
				5F5A8DB81EA4EFF900B55308 /* PBXTargetDependency */,
			);
			name = WeiBoUITests;
			productName = WeiBoUITests;
			productReference = 5F5A8DB61EA4EFF900B55308 /* WeiBoUITests.xctest */;
			productType = "com.apple.product-type.bundle.ui-testing";
		};
/* End PBXNativeTarget section */

/* Begin PBXProject section */
		5F5A8D8A1EA4EFF900B55308 /* Project object */ = {
			isa = PBXProject;
			attributes = {
				LastUpgradeCheck = 0810;
				ORGANIZATIONNAME = "胡伟";
				TargetAttributes = {
					5F5A8D911EA4EFF900B55308 = {
						CreatedOnToolsVersion = 8.1;
						DevelopmentTeam = 6RE56K8B4Z;
						ProvisioningStyle = Manual;
					};
					5F5A8DAA1EA4EFF900B55308 = {
						CreatedOnToolsVersion = 8.1;
						DevelopmentTeam = 38ZQL3RGUG;
						ProvisioningStyle = Automatic;
						TestTargetID = 5F5A8D911EA4EFF900B55308;
					};
					5F5A8DB51EA4EFF900B55308 = {
						CreatedOnToolsVersion = 8.1;
						DevelopmentTeam = 38ZQL3RGUG;
						ProvisioningStyle = Automatic;
						TestTargetID = 5F5A8D911EA4EFF900B55308;
					};
				};
			};
			buildConfigurationList = 5F5A8D8D1EA4EFF900B55308 /* Build configuration list for PBXProject "WeiBo" */;
			compatibilityVersion = "Xcode 3.2";
			developmentRegion = English;
			hasScannedForEncodings = 0;
			knownRegions = (
				en,
				Base,
			);
			mainGroup = 5F5A8D891EA4EFF900B55308;
			productRefGroup = 5F5A8D931EA4EFF900B55308 /* Products */;
			projectDirPath = "";
			projectReferences = (
				{
					ProductGroup = 5F5A8E471EA4F1EC00B55308 /* Products */;
					ProjectRef = 5F5A8E461EA4F1EC00B55308 /* RCTActionSheet.xcodeproj */;
				},
				{
					ProductGroup = 5F5A8E681EA4F21D00B55308 /* Products */;
					ProjectRef = 5F5A8E671EA4F21D00B55308 /* RCTAnimation.xcodeproj */;
				},
				{
					ProductGroup = 5F5A8E411EA4F1E300B55308 /* Products */;
					ProjectRef = 5F5A8E401EA4F1E300B55308 /* RCTGeolocation.xcodeproj */;
				},
				{
					ProductGroup = 5F5A8E381EA4F1DB00B55308 /* Products */;
					ProjectRef = 5F5A8E371EA4F1DB00B55308 /* RCTImage.xcodeproj */;
				},
				{
					ProductGroup = 5F5A8E2F1EA4F1D500B55308 /* Products */;
					ProjectRef = 5F5A8E2E1EA4F1D500B55308 /* RCTLinking.xcodeproj */;
				},
				{
					ProductGroup = 5F5A8E261EA4F1CD00B55308 /* Products */;
					ProjectRef = 5F5A8E251EA4F1CD00B55308 /* RCTNetwork.xcodeproj */;
				},
				{
					ProductGroup = 5F5A8E1D1EA4F1C400B55308 /* Products */;
					ProjectRef = 5F5A8E1C1EA4F1C400B55308 /* RCTSettings.xcodeproj */;
				},
				{
					ProductGroup = 5F5A8E141EA4F1BD00B55308 /* Products */;
					ProjectRef = 5F5A8E131EA4F1BD00B55308 /* RCTText.xcodeproj */;
				},
				{
					ProductGroup = 5F5A8E0E1EA4F19900B55308 /* Products */;
					ProjectRef = 5F5A8E0D1EA4F19900B55308 /* RCTVibration.xcodeproj */;
				},
				{
					ProductGroup = 5F5A8E051EA4F18B00B55308 /* Products */;
					ProjectRef = 5F5A8E041EA4F18B00B55308 /* RCTWebSocket.xcodeproj */;
				},
				{
					ProductGroup = 5F5A8E4D1EA4F20700B55308 /* Products */;
					ProjectRef = 5F5A8E4C1EA4F20700B55308 /* React.xcodeproj */;
				},
			);
			projectRoot = "";
			targets = (
				5F5A8D911EA4EFF900B55308 /* WeiBo */,
				5F5A8DAA1EA4EFF900B55308 /* WeiBoTests */,
				5F5A8DB51EA4EFF900B55308 /* WeiBoUITests */,
			);
		};
/* End PBXProject section */

/* Begin PBXReferenceProxy section */
		5F5A8E0A1EA4F18B00B55308 /* libRCTWebSocket.a */ = {
			isa = PBXReferenceProxy;
			fileType = archive.ar;
			path = libRCTWebSocket.a;
			remoteRef = 5F5A8E091EA4F18B00B55308 /* PBXContainerItemProxy */;
			sourceTree = BUILT_PRODUCTS_DIR;
		};
		5F5A8E0C1EA4F18B00B55308 /* libRCTWebSocket-tvOS.a */ = {
			isa = PBXReferenceProxy;
			fileType = archive.ar;
			path = "libRCTWebSocket-tvOS.a";
			remoteRef = 5F5A8E0B1EA4F18B00B55308 /* PBXContainerItemProxy */;
			sourceTree = BUILT_PRODUCTS_DIR;
		};
		5F5A8E121EA4F19900B55308 /* libRCTVibration.a */ = {
			isa = PBXReferenceProxy;
			fileType = archive.ar;
			path = libRCTVibration.a;
			remoteRef = 5F5A8E111EA4F19900B55308 /* PBXContainerItemProxy */;
			sourceTree = BUILT_PRODUCTS_DIR;
		};
		5F5A8E191EA4F1BD00B55308 /* libRCTText.a */ = {
			isa = PBXReferenceProxy;
			fileType = archive.ar;
			path = libRCTText.a;
			remoteRef = 5F5A8E181EA4F1BD00B55308 /* PBXContainerItemProxy */;
			sourceTree = BUILT_PRODUCTS_DIR;
		};
		5F5A8E1B1EA4F1BD00B55308 /* libRCTText-tvOS.a */ = {
			isa = PBXReferenceProxy;
			fileType = archive.ar;
			path = "libRCTText-tvOS.a";
			remoteRef = 5F5A8E1A1EA4F1BD00B55308 /* PBXContainerItemProxy */;
			sourceTree = BUILT_PRODUCTS_DIR;
		};
		5F5A8E221EA4F1C400B55308 /* libRCTSettings.a */ = {
			isa = PBXReferenceProxy;
			fileType = archive.ar;
			path = libRCTSettings.a;
			remoteRef = 5F5A8E211EA4F1C400B55308 /* PBXContainerItemProxy */;
			sourceTree = BUILT_PRODUCTS_DIR;
		};
		5F5A8E241EA4F1C400B55308 /* libRCTSettings-tvOS.a */ = {
			isa = PBXReferenceProxy;
			fileType = archive.ar;
			path = "libRCTSettings-tvOS.a";
			remoteRef = 5F5A8E231EA4F1C400B55308 /* PBXContainerItemProxy */;
			sourceTree = BUILT_PRODUCTS_DIR;
		};
		5F5A8E2B1EA4F1CD00B55308 /* libRCTNetwork.a */ = {
			isa = PBXReferenceProxy;
			fileType = archive.ar;
			path = libRCTNetwork.a;
			remoteRef = 5F5A8E2A1EA4F1CD00B55308 /* PBXContainerItemProxy */;
			sourceTree = BUILT_PRODUCTS_DIR;
		};
		5F5A8E2D1EA4F1CD00B55308 /* libRCTNetwork-tvOS.a */ = {
			isa = PBXReferenceProxy;
			fileType = archive.ar;
			path = "libRCTNetwork-tvOS.a";
			remoteRef = 5F5A8E2C1EA4F1CD00B55308 /* PBXContainerItemProxy */;
			sourceTree = BUILT_PRODUCTS_DIR;
		};
		5F5A8E341EA4F1D500B55308 /* libRCTLinking.a */ = {
			isa = PBXReferenceProxy;
			fileType = archive.ar;
			path = libRCTLinking.a;
			remoteRef = 5F5A8E331EA4F1D500B55308 /* PBXContainerItemProxy */;
			sourceTree = BUILT_PRODUCTS_DIR;
		};
		5F5A8E361EA4F1D500B55308 /* libRCTLinking-tvOS.a */ = {
			isa = PBXReferenceProxy;
			fileType = archive.ar;
			path = "libRCTLinking-tvOS.a";
			remoteRef = 5F5A8E351EA4F1D500B55308 /* PBXContainerItemProxy */;
			sourceTree = BUILT_PRODUCTS_DIR;
		};
		5F5A8E3D1EA4F1DB00B55308 /* libRCTImage.a */ = {
			isa = PBXReferenceProxy;
			fileType = archive.ar;
			path = libRCTImage.a;
			remoteRef = 5F5A8E3C1EA4F1DB00B55308 /* PBXContainerItemProxy */;
			sourceTree = BUILT_PRODUCTS_DIR;
		};
		5F5A8E3F1EA4F1DB00B55308 /* libRCTImage-tvOS.a */ = {
			isa = PBXReferenceProxy;
			fileType = archive.ar;
			path = "libRCTImage-tvOS.a";
			remoteRef = 5F5A8E3E1EA4F1DB00B55308 /* PBXContainerItemProxy */;
			sourceTree = BUILT_PRODUCTS_DIR;
		};
		5F5A8E451EA4F1E300B55308 /* libRCTGeolocation.a */ = {
			isa = PBXReferenceProxy;
			fileType = archive.ar;
			path = libRCTGeolocation.a;
			remoteRef = 5F5A8E441EA4F1E300B55308 /* PBXContainerItemProxy */;
			sourceTree = BUILT_PRODUCTS_DIR;
		};
		5F5A8E4B1EA4F1ED00B55308 /* libRCTActionSheet.a */ = {
			isa = PBXReferenceProxy;
			fileType = archive.ar;
			path = libRCTActionSheet.a;
			remoteRef = 5F5A8E4A1EA4F1ED00B55308 /* PBXContainerItemProxy */;
			sourceTree = BUILT_PRODUCTS_DIR;
		};
		5F5A8E581EA4F20700B55308 /* libReact.a */ = {
			isa = PBXReferenceProxy;
			fileType = archive.ar;
			path = libReact.a;
			remoteRef = 5F5A8E571EA4F20700B55308 /* PBXContainerItemProxy */;
			sourceTree = BUILT_PRODUCTS_DIR;
		};
		5F5A8E5A1EA4F20700B55308 /* libReact.a */ = {
			isa = PBXReferenceProxy;
			fileType = archive.ar;
			path = libReact.a;
			remoteRef = 5F5A8E591EA4F20700B55308 /* PBXContainerItemProxy */;
			sourceTree = BUILT_PRODUCTS_DIR;
		};
		5F5A8E5C1EA4F20700B55308 /* libyoga.a */ = {
			isa = PBXReferenceProxy;
			fileType = archive.ar;
			path = libyoga.a;
			remoteRef = 5F5A8E5B1EA4F20700B55308 /* PBXContainerItemProxy */;
			sourceTree = BUILT_PRODUCTS_DIR;
		};
		5F5A8E5E1EA4F20700B55308 /* libyoga.a */ = {
			isa = PBXReferenceProxy;
			fileType = archive.ar;
			path = libyoga.a;
			remoteRef = 5F5A8E5D1EA4F20700B55308 /* PBXContainerItemProxy */;
			sourceTree = BUILT_PRODUCTS_DIR;
		};
		5F5A8E601EA4F20700B55308 /* libcxxreact.a */ = {
			isa = PBXReferenceProxy;
			fileType = archive.ar;
			path = libcxxreact.a;
			remoteRef = 5F5A8E5F1EA4F20700B55308 /* PBXContainerItemProxy */;
			sourceTree = BUILT_PRODUCTS_DIR;
		};
		5F5A8E621EA4F20700B55308 /* libcxxreact.a */ = {
			isa = PBXReferenceProxy;
			fileType = archive.ar;
			path = libcxxreact.a;
			remoteRef = 5F5A8E611EA4F20700B55308 /* PBXContainerItemProxy */;
			sourceTree = BUILT_PRODUCTS_DIR;
		};
		5F5A8E641EA4F20700B55308 /* libjschelpers.a */ = {
			isa = PBXReferenceProxy;
			fileType = archive.ar;
			path = libjschelpers.a;
			remoteRef = 5F5A8E631EA4F20700B55308 /* PBXContainerItemProxy */;
			sourceTree = BUILT_PRODUCTS_DIR;
		};
		5F5A8E661EA4F20700B55308 /* libjschelpers.a */ = {
			isa = PBXReferenceProxy;
			fileType = archive.ar;
			path = libjschelpers.a;
			remoteRef = 5F5A8E651EA4F20700B55308 /* PBXContainerItemProxy */;
			sourceTree = BUILT_PRODUCTS_DIR;
		};
		5F5A8E6D1EA4F21D00B55308 /* libRCTAnimation.a */ = {
			isa = PBXReferenceProxy;
			fileType = archive.ar;
			path = libRCTAnimation.a;
			remoteRef = 5F5A8E6C1EA4F21D00B55308 /* PBXContainerItemProxy */;
			sourceTree = BUILT_PRODUCTS_DIR;
		};
		5F5A8E6F1EA4F21D00B55308 /* libRCTAnimation-tvOS.a */ = {
			isa = PBXReferenceProxy;
			fileType = archive.ar;
			path = "libRCTAnimation-tvOS.a";
			remoteRef = 5F5A8E6E1EA4F21D00B55308 /* PBXContainerItemProxy */;
			sourceTree = BUILT_PRODUCTS_DIR;
		};
/* End PBXReferenceProxy section */

/* Begin PBXResourcesBuildPhase section */
		5F5A8D901EA4EFF900B55308 /* Resources */ = {
			isa = PBXResourcesBuildPhase;
			buildActionMask = 2147483647;
			files = (
				5F5A8DA51EA4EFF900B55308 /* LaunchScreen.storyboard in Resources */,
				5F5A8DA21EA4EFF900B55308 /* Assets.xcassets in Resources */,
				5F5A8DA01EA4EFF900B55308 /* Main.storyboard in Resources */,
			);
			runOnlyForDeploymentPostprocessing = 0;
		};
		5F5A8DA91EA4EFF900B55308 /* Resources */ = {
			isa = PBXResourcesBuildPhase;
			buildActionMask = 2147483647;
			files = (
			);
			runOnlyForDeploymentPostprocessing = 0;
		};
		5F5A8DB41EA4EFF900B55308 /* Resources */ = {
			isa = PBXResourcesBuildPhase;
			buildActionMask = 2147483647;
			files = (
			);
			runOnlyForDeploymentPostprocessing = 0;
		};
/* End PBXResourcesBuildPhase section */

/* Begin PBXShellScriptBuildPhase section */
		5C7460D583A32860B8C08996 /* [CP] Check Pods Manifest.lock */ = {
			isa = PBXShellScriptBuildPhase;
			buildActionMask = 2147483647;
			files = (
			);
			inputPaths = (
			);
			name = "[CP] Check Pods Manifest.lock";
			outputPaths = (
			);
			runOnlyForDeploymentPostprocessing = 0;
			shellPath = /bin/sh;
			shellScript = "diff \"${PODS_ROOT}/../Podfile.lock\" \"${PODS_ROOT}/Manifest.lock\" > /dev/null\nif [ $? != 0 ] ; then\n    # print error to STDERR\n    echo \"error: The sandbox is not in sync with the Podfile.lock. Run 'pod install' or update your CocoaPods installation.\" >&2\n    exit 1\nfi\n";
			showEnvVarsInLog = 0;
		};
		A08F1E7EC1BD22E73CC7FC27 /* [CP] Copy Pods Resources */ = {
			isa = PBXShellScriptBuildPhase;
			buildActionMask = 2147483647;
			files = (
			);
			inputPaths = (
			);
			name = "[CP] Copy Pods Resources";
			outputPaths = (
			);
			runOnlyForDeploymentPostprocessing = 0;
			shellPath = /bin/sh;
			shellScript = "\"${SRCROOT}/Pods/Target Support Files/Pods-WeiBo/Pods-WeiBo-resources.sh\"\n";
			showEnvVarsInLog = 0;
		};
		C0755D5B87324D04632FDFE6 /* [CP] Embed Pods Frameworks */ = {
			isa = PBXShellScriptBuildPhase;
			buildActionMask = 2147483647;
			files = (
			);
			inputPaths = (
			);
			name = "[CP] Embed Pods Frameworks";
			outputPaths = (
			);
			runOnlyForDeploymentPostprocessing = 0;
			shellPath = /bin/sh;
			shellScript = "\"${SRCROOT}/Pods/Target Support Files/Pods-WeiBo/Pods-WeiBo-frameworks.sh\"\n";
			showEnvVarsInLog = 0;
		};
/* End PBXShellScriptBuildPhase section */

/* Begin PBXSourcesBuildPhase section */
		5F5A8D8E1EA4EFF900B55308 /* Sources */ = {
			isa = PBXSourcesBuildPhase;
			buildActionMask = 2147483647;
			files = (
				5F5A8D9D1EA4EFF900B55308 /* ViewController.m in Sources */,
				5F5A8D9A1EA4EFF900B55308 /* AppDelegate.m in Sources */,
				5F5A8D971EA4EFF900B55308 /* main.m in Sources */,
			);
			runOnlyForDeploymentPostprocessing = 0;
		};
		5F5A8DA71EA4EFF900B55308 /* Sources */ = {
			isa = PBXSourcesBuildPhase;
			buildActionMask = 2147483647;
			files = (
				5F5A8DB01EA4EFF900B55308 /* WeiBoTests.m in Sources */,
			);
			runOnlyForDeploymentPostprocessing = 0;
		};
		5F5A8DB21EA4EFF900B55308 /* Sources */ = {
			isa = PBXSourcesBuildPhase;
			buildActionMask = 2147483647;
			files = (
				5F5A8DBB1EA4EFF900B55308 /* WeiBoUITests.m in Sources */,
			);
			runOnlyForDeploymentPostprocessing = 0;
		};
/* End PBXSourcesBuildPhase section */

/* Begin PBXTargetDependency section */
		5F5A8DAD1EA4EFF900B55308 /* PBXTargetDependency */ = {
			isa = PBXTargetDependency;
			target = 5F5A8D911EA4EFF900B55308 /* WeiBo */;
			targetProxy = 5F5A8DAC1EA4EFF900B55308 /* PBXContainerItemProxy */;
		};
		5F5A8DB81EA4EFF900B55308 /* PBXTargetDependency */ = {
			isa = PBXTargetDependency;
			target = 5F5A8D911EA4EFF900B55308 /* WeiBo */;
			targetProxy = 5F5A8DB71EA4EFF900B55308 /* PBXContainerItemProxy */;
		};
/* End PBXTargetDependency section */

/* Begin PBXVariantGroup section */
		5F5A8D9E1EA4EFF900B55308 /* Main.storyboard */ = {
			isa = PBXVariantGroup;
			children = (
				5F5A8D9F1EA4EFF900B55308 /* Base */,
			);
			name = Main.storyboard;
			sourceTree = "<group>";
		};
		5F5A8DA31EA4EFF900B55308 /* LaunchScreen.storyboard */ = {
			isa = PBXVariantGroup;
			children = (
				5F5A8DA41EA4EFF900B55308 /* Base */,
			);
			name = LaunchScreen.storyboard;
			sourceTree = "<group>";
		};
/* End PBXVariantGroup section */

/* Begin XCBuildConfiguration section */
		5F5A8DBD1EA4EFF900B55308 /* Debug */ = {
			isa = XCBuildConfiguration;
			buildSettings = {
				ALWAYS_SEARCH_USER_PATHS = NO;
				CLANG_ANALYZER_NONNULL = YES;
				CLANG_CXX_LANGUAGE_STANDARD = "gnu++0x";
				CLANG_CXX_LIBRARY = "libc++";
				CLANG_ENABLE_MODULES = YES;
				CLANG_ENABLE_OBJC_ARC = YES;
				CLANG_WARN_BOOL_CONVERSION = YES;
				CLANG_WARN_CONSTANT_CONVERSION = YES;
				CLANG_WARN_DIRECT_OBJC_ISA_USAGE = YES_ERROR;
				CLANG_WARN_DOCUMENTATION_COMMENTS = YES;
				CLANG_WARN_EMPTY_BODY = YES;
				CLANG_WARN_ENUM_CONVERSION = YES;
				CLANG_WARN_INFINITE_RECURSION = YES;
				CLANG_WARN_INT_CONVERSION = YES;
				CLANG_WARN_OBJC_ROOT_CLASS = YES_ERROR;
				CLANG_WARN_SUSPICIOUS_MOVES = YES;
				CLANG_WARN_UNREACHABLE_CODE = YES;
				CLANG_WARN__DUPLICATE_METHOD_MATCH = YES;
				"CODE_SIGN_IDENTITY[sdk=iphoneos*]" = "iPhone Developer";
				COPY_PHASE_STRIP = NO;
				DEBUG_INFORMATION_FORMAT = dwarf;
				ENABLE_STRICT_OBJC_MSGSEND = YES;
				ENABLE_TESTABILITY = YES;
				GCC_C_LANGUAGE_STANDARD = gnu99;
				GCC_DYNAMIC_NO_PIC = NO;
				GCC_NO_COMMON_BLOCKS = YES;
				GCC_OPTIMIZATION_LEVEL = 0;
				GCC_PREPROCESSOR_DEFINITIONS = (
					"DEBUG=1",
					"$(inherited)",
				);
				GCC_WARN_64_TO_32_BIT_CONVERSION = YES;
				GCC_WARN_ABOUT_RETURN_TYPE = YES_ERROR;
				GCC_WARN_UNDECLARED_SELECTOR = YES;
				GCC_WARN_UNINITIALIZED_AUTOS = YES_AGGRESSIVE;
				GCC_WARN_UNUSED_FUNCTION = YES;
				GCC_WARN_UNUSED_VARIABLE = YES;
				IPHONEOS_DEPLOYMENT_TARGET = 10.1;
				MTL_ENABLE_DEBUG_INFO = YES;
				ONLY_ACTIVE_ARCH = YES;
				SDKROOT = iphoneos;
			};
			name = Debug;
		};
		5F5A8DBE1EA4EFF900B55308 /* Release */ = {
			isa = XCBuildConfiguration;
			buildSettings = {
				ALWAYS_SEARCH_USER_PATHS = NO;
				CLANG_ANALYZER_NONNULL = YES;
				CLANG_CXX_LANGUAGE_STANDARD = "gnu++0x";
				CLANG_CXX_LIBRARY = "libc++";
				CLANG_ENABLE_MODULES = YES;
				CLANG_ENABLE_OBJC_ARC = YES;
				CLANG_WARN_BOOL_CONVERSION = YES;
				CLANG_WARN_CONSTANT_CONVERSION = YES;
				CLANG_WARN_DIRECT_OBJC_ISA_USAGE = YES_ERROR;
				CLANG_WARN_DOCUMENTATION_COMMENTS = YES;
				CLANG_WARN_EMPTY_BODY = YES;
				CLANG_WARN_ENUM_CONVERSION = YES;
				CLANG_WARN_INFINITE_RECURSION = YES;
				CLANG_WARN_INT_CONVERSION = YES;
				CLANG_WARN_OBJC_ROOT_CLASS = YES_ERROR;
				CLANG_WARN_SUSPICIOUS_MOVES = YES;
				CLANG_WARN_UNREACHABLE_CODE = YES;
				CLANG_WARN__DUPLICATE_METHOD_MATCH = YES;
				"CODE_SIGN_IDENTITY[sdk=iphoneos*]" = "iPhone Developer";
				COPY_PHASE_STRIP = NO;
				DEBUG_INFORMATION_FORMAT = "dwarf-with-dsym";
				ENABLE_NS_ASSERTIONS = NO;
				ENABLE_STRICT_OBJC_MSGSEND = YES;
				GCC_C_LANGUAGE_STANDARD = gnu99;
				GCC_NO_COMMON_BLOCKS = YES;
				GCC_WARN_64_TO_32_BIT_CONVERSION = YES;
				GCC_WARN_ABOUT_RETURN_TYPE = YES_ERROR;
				GCC_WARN_UNDECLARED_SELECTOR = YES;
				GCC_WARN_UNINITIALIZED_AUTOS = YES_AGGRESSIVE;
				GCC_WARN_UNUSED_FUNCTION = YES;
				GCC_WARN_UNUSED_VARIABLE = YES;
				IPHONEOS_DEPLOYMENT_TARGET = 10.1;
				MTL_ENABLE_DEBUG_INFO = NO;
				SDKROOT = iphoneos;
				VALIDATE_PRODUCT = YES;
			};
			name = Release;
		};
		5F5A8DC01EA4EFF900B55308 /* Debug */ = {
			isa = XCBuildConfiguration;
			baseConfigurationReference = AAF2515FF4468F9ABB65B023 /* Pods-WeiBo.debug.xcconfig */;
			buildSettings = {
				ASSETCATALOG_COMPILER_APPICON_NAME = AppIcon;
				DEVELOPMENT_TEAM = 6RE56K8B4Z;
				HEADER_SEARCH_PATHS = "$(SRCROOT)/node_modules/react-native/React/**";
				INFOPLIST_FILE = WeiBo/Info.plist;
				LD_RUNPATH_SEARCH_PATHS = "$(inherited) @executable_path/Frameworks";
				OTHER_LDFLAGS = (
					"-lc++",
					"-ObjC",
				);
				PRODUCT_BUNDLE_IDENTIFIER = com.alibaba.WeiBo;
				PRODUCT_NAME = "$(TARGET_NAME)";
				PROVISIONING_PROFILE = "12d096aa-6641-4cb2-bb1c-0b438a29fe0a";
				PROVISIONING_PROFILE_SPECIFIER = 20160421_wildcard_app;
			};
			name = Debug;
		};
		5F5A8DC11EA4EFF900B55308 /* Release */ = {
			isa = XCBuildConfiguration;
			baseConfigurationReference = 1C51A80075B6B5C2ACC9A506 /* Pods-WeiBo.release.xcconfig */;
			buildSettings = {
				ASSETCATALOG_COMPILER_APPICON_NAME = AppIcon;
				DEVELOPMENT_TEAM = "";
				HEADER_SEARCH_PATHS = "$(SRCROOT)/node_modules/react-native/React/**";
				INFOPLIST_FILE = WeiBo/Info.plist;
				LD_RUNPATH_SEARCH_PATHS = "$(inherited) @executable_path/Frameworks";
				OTHER_LDFLAGS = (
					"-lc++",
					"-ObjC",
				);
				PRODUCT_BUNDLE_IDENTIFIER = com.alibaba.WeiBo;
				PRODUCT_NAME = "$(TARGET_NAME)";
			};
			name = Release;
		};
		5F5A8DC31EA4EFF900B55308 /* Debug */ = {
			isa = XCBuildConfiguration;
			buildSettings = {
				BUNDLE_LOADER = "$(TEST_HOST)";
				DEVELOPMENT_TEAM = 38ZQL3RGUG;
				INFOPLIST_FILE = WeiBoTests/Info.plist;
				LD_RUNPATH_SEARCH_PATHS = "$(inherited) @executable_path/Frameworks @loader_path/Frameworks";
				PRODUCT_BUNDLE_IDENTIFIER = com.alibaba.WeiBoTests;
				PRODUCT_NAME = "$(TARGET_NAME)";
				TEST_HOST = "$(BUILT_PRODUCTS_DIR)/WeiBo.app/WeiBo";
			};
			name = Debug;
		};
		5F5A8DC41EA4EFF900B55308 /* Release */ = {
			isa = XCBuildConfiguration;
			buildSettings = {
				BUNDLE_LOADER = "$(TEST_HOST)";
				DEVELOPMENT_TEAM = 38ZQL3RGUG;
				INFOPLIST_FILE = WeiBoTests/Info.plist;
				LD_RUNPATH_SEARCH_PATHS = "$(inherited) @executable_path/Frameworks @loader_path/Frameworks";
				PRODUCT_BUNDLE_IDENTIFIER = com.alibaba.WeiBoTests;
				PRODUCT_NAME = "$(TARGET_NAME)";
				TEST_HOST = "$(BUILT_PRODUCTS_DIR)/WeiBo.app/WeiBo";
			};
			name = Release;
		};
		5F5A8DC61EA4EFF900B55308 /* Debug */ = {
			isa = XCBuildConfiguration;
			buildSettings = {
				DEVELOPMENT_TEAM = 38ZQL3RGUG;
				INFOPLIST_FILE = WeiBoUITests/Info.plist;
				LD_RUNPATH_SEARCH_PATHS = "$(inherited) @executable_path/Frameworks @loader_path/Frameworks";
				PRODUCT_BUNDLE_IDENTIFIER = com.alibaba.WeiBoUITests;
				PRODUCT_NAME = "$(TARGET_NAME)";
				TEST_TARGET_NAME = WeiBo;
			};
			name = Debug;
		};
		5F5A8DC71EA4EFF900B55308 /* Release */ = {
			isa = XCBuildConfiguration;
			buildSettings = {
				DEVELOPMENT_TEAM = 38ZQL3RGUG;
				INFOPLIST_FILE = WeiBoUITests/Info.plist;
				LD_RUNPATH_SEARCH_PATHS = "$(inherited) @executable_path/Frameworks @loader_path/Frameworks";
				PRODUCT_BUNDLE_IDENTIFIER = com.alibaba.WeiBoUITests;
				PRODUCT_NAME = "$(TARGET_NAME)";
				TEST_TARGET_NAME = WeiBo;
			};
			name = Release;
		};
/* End XCBuildConfiguration section */

/* Begin XCConfigurationList section */
		5F5A8D8D1EA4EFF900B55308 /* Build configuration list for PBXProject "WeiBo" */ = {
			isa = XCConfigurationList;
			buildConfigurations = (
				5F5A8DBD1EA4EFF900B55308 /* Debug */,
				5F5A8DBE1EA4EFF900B55308 /* Release */,
			);
			defaultConfigurationIsVisible = 0;
			defaultConfigurationName = Release;
		};
		5F5A8DBF1EA4EFF900B55308 /* Build configuration list for PBXNativeTarget "WeiBo" */ = {
			isa = XCConfigurationList;
			buildConfigurations = (
				5F5A8DC01EA4EFF900B55308 /* Debug */,
				5F5A8DC11EA4EFF900B55308 /* Release */,
			);
			defaultConfigurationIsVisible = 0;
			defaultConfigurationName = Release;
		};
		5F5A8DC21EA4EFF900B55308 /* Build configuration list for PBXNativeTarget "WeiBoTests" */ = {
			isa = XCConfigurationList;
			buildConfigurations = (
				5F5A8DC31EA4EFF900B55308 /* Debug */,
				5F5A8DC41EA4EFF900B55308 /* Release */,
			);
			defaultConfigurationIsVisible = 0;
			defaultConfigurationName = Release;
		};
		5F5A8DC51EA4EFF900B55308 /* Build configuration list for PBXNativeTarget "WeiBoUITests" */ = {
			isa = XCConfigurationList;
			buildConfigurations = (
				5F5A8DC61EA4EFF900B55308 /* Debug */,
				5F5A8DC71EA4EFF900B55308 /* Release */,
			);
			defaultConfigurationIsVisible = 0;
			defaultConfigurationName = Release;
		};
/* End XCConfigurationList section */
	};
	rootObject = 5F5A8D8A1EA4EFF900B55308 /* Project object */;
}
